
Microsoft Visual Studio Solution File, Format Version 12.00
# Visual Studio 2013
VisualStudioVersion = 12.0.31101.0
MinimumVisualStudioVersion = 10.0.40219.1
Project("{FAE04EC0-301F-11D3-BF4B-00C04F79EFBC}") = "DatabaseTools", "DatabaseTools\DatabaseTools.csproj", "{6A141AF2-8DE7-4086-AA96-751302838CDF}"
EndProject
Global
	GlobalSection(TeamFoundationVersionControl) = preSolution
		SccNumberOfProjects = 2
		SccEnterpriseProvider = {4CA58AB2-18FA-4F8D-95D4-32DDF27D184C}
		SccTeamFoundationServer = http://tfsapp.pexim.co.yu:8080/tfs/revtfsat1
		SccLocalPath0 = .
		SccProjectUniqueName1 = DatabaseTools\\DatabaseTools.csproj
		SccProjectName1 = DatabaseTools
		SccLocalPath1 = DatabaseTools
	EndGlobalSection
	GlobalSection(SolutionConfigurationPlatforms) = preSolution
		Debug|Any CPU = Debug|Any CPU
		Release|Any CPU = Release|Any CPU
	EndGlobalSection
	GlobalSection(ProjectConfigurationPlatforms) = postSolution
		{6A141AF2-8DE7-4086-AA96-751302838CDF}.Debug|Any CPU.ActiveCfg = Debug|Any CPU
		{6A141AF2-8DE7-4086-AA96-751302838CDF}.Debug|Any CPU.Build.0 = Debug|Any CPU
		{6A141AF2-8DE7-4086-AA96-751302838CDF}.Release|Any CPU.ActiveCfg = Release|Any CPU
		{6A141AF2-8DE7-4086-AA96-751302838CDF}.Release|Any CPU.Build.0 = Release|Any CPU
	EndGlobalSection
	GlobalSection(SolutionProperties) = preSolution
		HideSolutionNode = FALSE
	EndGlobalSection
EndGlobal
